
Microsoft Visual Studio Solution File, Format Version 12.00
# Visual Studio Version 17
VisualStudioVersion = 17.9.34902.65
MinimumVisualStudioVersion = 10.0.40219.1
Project("{FAE04EC0-301F-11D3-BF4B-00C04F79EFBC}") = "Azure.QueueStorage.Sandbox", "Azure.QueueStorage.Sandbox.csproj", "{40EC1BC0-2A40-43C4-87BD-1D5AA47D7583}"
EndProject
Global
	GlobalSection(SolutionConfigurationPlatforms) = preSolution
		Debug|Any CPU = Debug|Any CPU
		Release|Any CPU = Release|Any CPU
	EndGlobalSection
	GlobalSection(ProjectConfigurationPlatforms) = postSolution
		{40EC1BC0-2A40-43C4-87BD-1D5AA47D7583}.Debug|Any CPU.ActiveCfg = Debug|Any CPU
		{40EC1BC0-2A40-43C4-87BD-1D5AA47D7583}.Debug|Any CPU.Build.0 = Debug|Any CPU
		{40EC1BC0-2A40-43C4-87BD-1D5AA47D7583}.Release|Any CPU.ActiveCfg = Release|Any CPU
		{40EC1BC0-2A40-43C4-87BD-1D5AA47D7583}.Release|Any CPU.Build.0 = Release|Any CPU
	EndGlobalSection
	GlobalSection(SolutionProperties) = preSolution
		HideSolutionNode = FALSE
	EndGlobalSection
	GlobalSection(ExtensibilityGlobals) = postSolution
		SolutionGuid = {540586D9-B390-4F21-A634-83CAA7C1EB7E}
	EndGlobalSection
EndGlobal
